
Microsoft Visual Studio Solution File, Format Version 12.00
# Visual Studio Version 16
VisualStudioVersion = 16.0.29709.97
MinimumVisualStudioVersion = 10.0.40219.1
Project("{FAE04EC0-301F-11D3-BF4B-00C04F79EFBC}") = "BJ_S", "BJ_S.csproj", "{DF38B6D6-6D44-42BC-8C3A-E085B0F0B98C}"
EndProject
Project("{2150E333-8FDC-42A3-9474-1A3956D46DE8}") = "Solution Items", "Solution Items", "{83F1A6C7-3F09-4090-834F-75A51449DF40}"
EndProject
Global
	GlobalSection(SolutionConfigurationPlatforms) = preSolution
		Debug|Any CPU = Debug|Any CPU
		Release|Any CPU = Release|Any CPU
	EndGlobalSection
	GlobalSection(ProjectConfigurationPlatforms) = postSolution
		{DF38B6D6-6D44-42BC-8C3A-E085B0F0B98C}.Debug|Any CPU.ActiveCfg = Debug|Any CPU
		{DF38B6D6-6D44-42BC-8C3A-E085B0F0B98C}.Debug|Any CPU.Build.0 = Debug|Any CPU
		{DF38B6D6-6D44-42BC-8C3A-E085B0F0B98C}.Release|Any CPU.ActiveCfg = Release|Any CPU
		{DF38B6D6-6D44-42BC-8C3A-E085B0F0B98C}.Release|Any CPU.Build.0 = Release|Any CPU
	EndGlobalSection
	GlobalSection(SolutionProperties) = preSolution
		HideSolutionNode = FALSE
	EndGlobalSection
	GlobalSection(ExtensibilityGlobals) = postSolution
		SolutionGuid = {FCB906F2-7623-4FD7-A05E-52BA0D55EE7E}
	EndGlobalSection
EndGlobal
